github.com/google/uuid v1.6.0 h1:NIvaJDMOjl55VKNFvLPPcknctpm344K5WwuI79NxMeg=
github.com/google/uuid v1.6.0/go.mod h1:TIym5CLqqYbFu++9hvZAFNWAWeItwRyNPraiU4OpKrm=
github.com/inconshreveable/mousetrap v1.1.0 h1:wActionBarIs7AqKA78477z27gOOh5qft4iI5g/zU5G5G4=
github.com/inconshreveable/mousetrap v1.1.0/go.mod h1:vpF7cJ5XRGois9pcg+hVOQBPPFflPC4rwpd7Gs8M1fg=
github.com/spf13/cobra v1.8.1 h1:e5/XxIA9rHy3YdBBRmJZNXQsv2DUlP6kNTCeExSfWFY=
github.com/spf13/cobra v1.8.1/go.mod h1:7xBQyD6FnsDsdA8sLpsZsmwf10tK58iud01x/s/S+p8=
github.com/spf13/pflag v1.0.5 h1:iy+VFUOCP1a+8yFto/drg2CJ5u0yRoB7fZw3DKv/JXA=
github.com/spf13/pflag v1.0.5/go.mod h1:McXfInJRAgWREtKxoCae1tArnzUVqMoPwcU5jabuVmQ=
